
Microsoft Visual Studio Solution File, Format Version 12.00
# Visual Studio Version 17
VisualStudioVersion = 17.6.33723.286
MinimumVisualStudioVersion = 10.0.40219.1
Project("{FAE04EC0-301F-11D3-BF4B-00C04F79EFBC}") = "CatalogoWeb", "CatalogoWeb\CatalogoWeb.csproj", "{FE505D44-36A5-474A-878B-403FE01C7F45}"
EndProject
Project("{FAE04EC0-301F-11D3-BF4B-00C04F79EFBC}") = "Dominio", "Dominio\Dominio.csproj", "{4E17EAA7-79D0-4969-A747-F6BEB0FF5D77}"
EndProject
Project("{FAE04EC0-301F-11D3-BF4B-00C04F79EFBC}") = "Negocio", "Negocio\Negocio.csproj", "{CE95ED79-8BC3-4856-9034-714F909B3FFC}"
EndProject
Global
	GlobalSection(SolutionConfigurationPlatforms) = preSolution
		Debug|Any CPU = Debug|Any CPU
		Release|Any CPU = Release|Any CPU
	EndGlobalSection
	GlobalSection(ProjectConfigurationPlatforms) = postSolution
		{FE505D44-36A5-474A-878B-403FE01C7F45}.Debug|Any CPU.ActiveCfg = Debug|Any CPU
		{FE505D44-36A5-474A-878B-403FE01C7F45}.Debug|Any CPU.Build.0 = Debug|Any CPU
		{FE505D44-36A5-474A-878B-403FE01C7F45}.Release|Any CPU.ActiveCfg = Release|Any CPU
		{FE505D44-36A5-474A-878B-403FE01C7F45}.Release|Any CPU.Build.0 = Release|Any CPU
		{4E17EAA7-79D0-4969-A747-F6BEB0FF5D77}.Debug|Any CPU.ActiveCfg = Debug|Any CPU
		{4E17EAA7-79D0-4969-A747-F6BEB0FF5D77}.Debug|Any CPU.Build.0 = Debug|Any CPU
		{4E17EAA7-79D0-4969-A747-F6BEB0FF5D77}.Release|Any CPU.ActiveCfg = Release|Any CPU
		{4E17EAA7-79D0-4969-A747-F6BEB0FF5D77}.Release|Any CPU.Build.0 = Release|Any CPU
		{CE95ED79-8BC3-4856-9034-714F909B3FFC}.Debug|Any CPU.ActiveCfg = Debug|Any CPU
		{CE95ED79-8BC3-4856-9034-714F909B3FFC}.Debug|Any CPU.Build.0 = Debug|Any CPU
		{CE95ED79-8BC3-4856-9034-714F909B3FFC}.Release|Any CPU.ActiveCfg = Release|Any CPU
		{CE95ED79-8BC3-4856-9034-714F909B3FFC}.Release|Any CPU.Build.0 = Release|Any CPU
	EndGlobalSection
	GlobalSection(SolutionProperties) = preSolution
		HideSolutionNode = FALSE
	EndGlobalSection
	GlobalSection(ExtensibilityGlobals) = postSolution
		SolutionGuid = {806DEF2F-49F9-4238-A811-09E87C956EDA}
	EndGlobalSection
EndGlobal
